
Microsoft Visual Studio Solution File, Format Version 12.00
# Visual Studio Version 17
VisualStudioVersion = 17.4.32804.182
MinimumVisualStudioVersion = 10.0.40219.1
Project("{FAE04EC0-301F-11D3-BF4B-00C04F79EFBC}") = "TransportManagement.Studio", "TransportManagement.Studio\TransportManagement.Studio.csproj", "{A3B64A5F-E1FC-47CB-BB2C-3655A4524E8F}"
EndProject
Global
	GlobalSection(SolutionConfigurationPlatforms) = preSolution
		Debug|Any CPU = Debug|Any CPU
		Release|Any CPU = Release|Any CPU
	EndGlobalSection
	GlobalSection(ProjectConfigurationPlatforms) = postSolution
		{A3B64A5F-E1FC-47CB-BB2C-3655A4524E8F}.Debug|Any CPU.ActiveCfg = Debug|Any CPU
		{A3B64A5F-E1FC-47CB-BB2C-3655A4524E8F}.Debug|Any CPU.Build.0 = Debug|Any CPU
		{A3B64A5F-E1FC-47CB-BB2C-3655A4524E8F}.Release|Any CPU.ActiveCfg = Release|Any CPU
		{A3B64A5F-E1FC-47CB-BB2C-3655A4524E8F}.Release|Any CPU.Build.0 = Release|Any CPU
	EndGlobalSection
	GlobalSection(SolutionProperties) = preSolution
		HideSolutionNode = FALSE
	EndGlobalSection
	GlobalSection(ExtensibilityGlobals) = postSolution
		SolutionGuid = {29D08E27-6444-4F11-8E20-CB3C2FC5DF26}
	EndGlobalSection
EndGlobal
